
Microsoft Visual Studio Solution File, Format Version 12.00
# Visual Studio Version 17
VisualStudioVersion = 17.0.31903.59
MinimumVisualStudioVersion = 10.0.40219.1
Project("{9A19103F-16F7-4668-BE54-9A1E7A4F7556}") = "GithubApiOmada", "src\GithubApiOmada\GithubApiOmada.csproj", "{143D6353-F9AC-4DFC-BABC-A807101320CE}"
EndProject
Project("{9A19103F-16F7-4668-BE54-9A1E7A4F7556}") = "IntegrationTests", "src\IntegrationTests\IntegrationTests.csproj", "{028E2A5E-FC53-4172-8638-B0A6408CE4AB}"
EndProject
Global
	GlobalSection(SolutionConfigurationPlatforms) = preSolution
		Debug|Any CPU = Debug|Any CPU
		Release|Any CPU = Release|Any CPU
	EndGlobalSection
	GlobalSection(ProjectConfigurationPlatforms) = postSolution
		{143D6353-F9AC-4DFC-BABC-A807101320CE}.Debug|Any CPU.ActiveCfg = Debug|Any CPU
		{143D6353-F9AC-4DFC-BABC-A807101320CE}.Debug|Any CPU.Build.0 = Debug|Any CPU
		{143D6353-F9AC-4DFC-BABC-A807101320CE}.Release|Any CPU.ActiveCfg = Release|Any CPU
		{143D6353-F9AC-4DFC-BABC-A807101320CE}.Release|Any CPU.Build.0 = Release|Any CPU
		{028E2A5E-FC53-4172-8638-B0A6408CE4AB}.Debug|Any CPU.ActiveCfg = Debug|Any CPU
		{028E2A5E-FC53-4172-8638-B0A6408CE4AB}.Debug|Any CPU.Build.0 = Debug|Any CPU
		{028E2A5E-FC53-4172-8638-B0A6408CE4AB}.Release|Any CPU.ActiveCfg = Release|Any CPU
		{028E2A5E-FC53-4172-8638-B0A6408CE4AB}.Release|Any CPU.Build.0 = Release|Any CPU
	EndGlobalSection
	GlobalSection(SolutionProperties) = preSolution
		HideSolutionNode = FALSE
	EndGlobalSection
	GlobalSection(ExtensibilityGlobals) = postSolution
		SolutionGuid = {4C90ABE2-E041-455A-8A3B-F5CEC4155FD1}
	EndGlobalSection
EndGlobal
